
Microsoft Visual Studio Solution File, Format Version 12.00
# Visual Studio Version 17
VisualStudioVersion = 17.4.33122.133
MinimumVisualStudioVersion = 10.0.40219.1
Project("{9A19103F-16F7-4668-BE54-9A1E7A4F7556}") = "NavalWar.API", "NavalWar.API\NavalWar.API.csproj", "{627C0168-119E-45FA-896E-47DC2CA0EDB5}"
EndProject
Project("{9A19103F-16F7-4668-BE54-9A1E7A4F7556}") = "NavalWar.DTO", "NavalWar.DTO\NavalWar.DTO.csproj", "{5547977F-19B4-48D7-8D02-0A8A1A90AD2F}"
EndProject
Project("{9A19103F-16F7-4668-BE54-9A1E7A4F7556}") = "NavalWar.Utils", "NavalWar.Utils\NavalWar.Utils.csproj", "{6949C2A8-E479-49B6-84D8-C946874D7623}"
EndProject
Project("{9A19103F-16F7-4668-BE54-9A1E7A4F7556}") = "NavalWar.Business", "NavalWar.Business\NavalWar.Business.csproj", "{79EA75D8-34FA-475A-AC54-14BE08ABCF38}"
EndProject
Project("{9A19103F-16F7-4668-BE54-9A1E7A4F7556}") = "NavalWar.DAL", "NavalWar.DAL\NavalWar.DAL.csproj", "{50848DAE-4DBC-4DE5-886A-62640B15E8FC}"
EndProject
Project("{54A90642-561A-4BB1-A94E-469ADEE60C69}") = "navalwar.front", "NavalWar.Front\navalwar.front.esproj", "{DD2C40DE-CB66-4874-8745-CF204609504D}"
EndProject
Global
	GlobalSection(SolutionConfigurationPlatforms) = preSolution
		Debug|Any CPU = Debug|Any CPU
		Release|Any CPU = Release|Any CPU
	EndGlobalSection
	GlobalSection(ProjectConfigurationPlatforms) = postSolution
		{627C0168-119E-45FA-896E-47DC2CA0EDB5}.Debug|Any CPU.ActiveCfg = Debug|Any CPU
		{627C0168-119E-45FA-896E-47DC2CA0EDB5}.Debug|Any CPU.Build.0 = Debug|Any CPU
		{627C0168-119E-45FA-896E-47DC2CA0EDB5}.Release|Any CPU.ActiveCfg = Release|Any CPU
		{627C0168-119E-45FA-896E-47DC2CA0EDB5}.Release|Any CPU.Build.0 = Release|Any CPU
		{5547977F-19B4-48D7-8D02-0A8A1A90AD2F}.Debug|Any CPU.ActiveCfg = Debug|Any CPU
		{5547977F-19B4-48D7-8D02-0A8A1A90AD2F}.Debug|Any CPU.Build.0 = Debug|Any CPU
		{5547977F-19B4-48D7-8D02-0A8A1A90AD2F}.Release|Any CPU.ActiveCfg = Release|Any CPU
		{5547977F-19B4-48D7-8D02-0A8A1A90AD2F}.Release|Any CPU.Build.0 = Release|Any CPU
		{6949C2A8-E479-49B6-84D8-C946874D7623}.Debug|Any CPU.ActiveCfg = Debug|Any CPU
		{6949C2A8-E479-49B6-84D8-C946874D7623}.Debug|Any CPU.Build.0 = Debug|Any CPU
		{6949C2A8-E479-49B6-84D8-C946874D7623}.Release|Any CPU.ActiveCfg = Release|Any CPU
		{6949C2A8-E479-49B6-84D8-C946874D7623}.Release|Any CPU.Build.0 = Release|Any CPU
		{79EA75D8-34FA-475A-AC54-14BE08ABCF38}.Debug|Any CPU.ActiveCfg = Debug|Any CPU
		{79EA75D8-34FA-475A-AC54-14BE08ABCF38}.Debug|Any CPU.Build.0 = Debug|Any CPU
		{79EA75D8-34FA-475A-AC54-14BE08ABCF38}.Release|Any CPU.ActiveCfg = Release|Any CPU
		{79EA75D8-34FA-475A-AC54-14BE08ABCF38}.Release|Any CPU.Build.0 = Release|Any CPU
		{50848DAE-4DBC-4DE5-886A-62640B15E8FC}.Debug|Any CPU.ActiveCfg = Debug|Any CPU
		{50848DAE-4DBC-4DE5-886A-62640B15E8FC}.Debug|Any CPU.Build.0 = Debug|Any CPU
		{50848DAE-4DBC-4DE5-886A-62640B15E8FC}.Release|Any CPU.ActiveCfg = Release|Any CPU
		{50848DAE-4DBC-4DE5-886A-62640B15E8FC}.Release|Any CPU.Build.0 = Release|Any CPU
		{DD2C40DE-CB66-4874-8745-CF204609504D}.Debug|Any CPU.ActiveCfg = Debug|Any CPU
		{DD2C40DE-CB66-4874-8745-CF204609504D}.Debug|Any CPU.Build.0 = Debug|Any CPU
		{DD2C40DE-CB66-4874-8745-CF204609504D}.Debug|Any CPU.Deploy.0 = Debug|Any CPU
		{DD2C40DE-CB66-4874-8745-CF204609504D}.Release|Any CPU.ActiveCfg = Release|Any CPU
		{DD2C40DE-CB66-4874-8745-CF204609504D}.Release|Any CPU.Build.0 = Release|Any CPU
		{DD2C40DE-CB66-4874-8745-CF204609504D}.Release|Any CPU.Deploy.0 = Release|Any CPU
	EndGlobalSection
	GlobalSection(SolutionProperties) = preSolution
		HideSolutionNode = FALSE
	EndGlobalSection
	GlobalSection(ExtensibilityGlobals) = postSolution
		SolutionGuid = {31DC321C-D715-453B-80B1-EF54A36A85D2}
	EndGlobalSection
EndGlobal
